
Microsoft Visual Studio Solution File, Format Version 12.00
# Visual Studio 15
VisualStudioVersion = 15.0.26730.12
MinimumVisualStudioVersion = 10.0.40219.1
Project("{FAE04EC0-301F-11D3-BF4B-00C04F79EFBC}") = "IdentityAuth", "IdentityAuth\IdentityAuth.csproj", "{2DFB1F37-09BD-463D-9E72-4329690E97FB}"
EndProject
Global
	GlobalSection(SolutionConfigurationPlatforms) = preSolution
		Debug|Any CPU = Debug|Any CPU
		Release|Any CPU = Release|Any CPU
	EndGlobalSection
	GlobalSection(ProjectConfigurationPlatforms) = postSolution
		{2DFB1F37-09BD-463D-9E72-4329690E97FB}.Debug|Any CPU.ActiveCfg = Debug|Any CPU
		{2DFB1F37-09BD-463D-9E72-4329690E97FB}.Debug|Any CPU.Build.0 = Debug|Any CPU
		{2DFB1F37-09BD-463D-9E72-4329690E97FB}.Release|Any CPU.ActiveCfg = Release|Any CPU
		{2DFB1F37-09BD-463D-9E72-4329690E97FB}.Release|Any CPU.Build.0 = Release|Any CPU
	EndGlobalSection
	GlobalSection(SolutionProperties) = preSolution
		HideSolutionNode = FALSE
	EndGlobalSection
	GlobalSection(ExtensibilityGlobals) = postSolution
		SolutionGuid = {CF44EF3F-D6CD-4F80-AA8C-2D7D8E577230}
	EndGlobalSection
EndGlobal
